{
  "name": "my-electron-app",
  "version": "1.0.0",
  "lockfileVersion": 1,
  "requires": true,
  "dependencies": {
    "@electron/get": {
      "version": "2.0.3",
      "resolved": "https://artifactory.devops.xiaohongshu.com/artifactory/api/npm/npm-public/@electron/get/-/get-2.0.3.tgz",
      "integrity": "sha512-Qkzpg2s9GnVV2I2BjRksUi43U5e6+zaQMcjoJy0C+C5oxaKl+fmckGDQFtRpZpZV0NQekuZZ+tGz7EA9TVnQtQ==",
      "dev": true,
      "requires": {
        "debug": "^4.1.1",
        "env-paths": "^2.2.0",
        "fs-extra": "^8.1.0",
        "global-agent": "^3.0.0",
        "got": "^11.8.5",
        "progress": "^2.0.3",
        "semver": "^6.2.0",
        "sumchecker": "^3.0.1"
      }
    },
    "@sindresorhus/is": {
      "version": "4.6.0",
      "resolved": "https://artifactory.devops.xiaohongshu.com/artifactory/api/npm/npm-public/@sindresorhus/is/download/@sindresorhus/is-4.6.0.tgz",
      "integrity": "sha1-PHycRuZ4/u/nouW7YJ09vWZf+z8=",
      "dev": true
    },
    "@szmarczak/http-timer": {
      "version": "4.0.6",
      "resolved": "https://artifactory.devops.xiaohongshu.com/artifactory/api/npm/npm-public/@szmarczak/http-timer/download/@szmarczak/http-timer-4.0.6.tgz",
      "integrity": "sha1-tKkUu2LnwnLU5Zif5EQPgSqx2Ac=",
      "dev": true,
      "requires": {
        "defer-to-connect": "^2.0.0"
      }
    },
    "@types/cacheable-request": {
      "version": "6.0.3",
      "resolved": "https://artifactory.devops.xiaohongshu.com/artifactory/api/npm/npm-public/@types/cacheable-request/download/@types/cacheable-request-6.0.3.tgz",
      "integrity": "sha1-pDCzJgRmyntcpb/XNWk7Nuep0YM=",
      "dev": true,
      "requires": {
        "@types/http-cache-semantics": "*",
        "@types/keyv": "^3.1.4",
        "@types/node": "*",
        "@types/responselike": "^1.0.0"
      }
    },
    "@types/http-cache-semantics": {
      "version": "4.0.4",
      "resolved": "https://artifactory.devops.xiaohongshu.com/artifactory/api/npm/npm-public/@types/http-cache-semantics/-/http-cache-semantics-4.0.4.tgz",
      "integrity": "sha512-1m0bIFVc7eJWyve9S0RnuRgcQqF/Xd5QsUZAZeQFr1Q3/p9JWoQQEqmVy+DPTNpGXwhgIetAoYF8JSc33q29QA==",
      "dev": true
    },
    "@types/keyv": {
      "version": "3.1.4",
      "resolved": "https://artifactory.devops.xiaohongshu.com/artifactory/api/npm/npm-public/@types/keyv/download/@types/keyv-3.1.4.tgz",
      "integrity": "sha1-PM2xxnUbDH5SMAvNrNW8v4+qdbY=",
      "dev": true,
      "requires": {
        "@types/node": "*"
      }
    },
    "@types/node": {
      "version": "22.18.10",
      "resolved": "https://artifactory.devops.xiaohongshu.com/artifactory/api/npm/npm-public/@types/node/-/node-22.18.10.tgz",
      "integrity": "sha512-anNG/V/Efn/YZY4pRzbACnKxNKoBng2VTFydVu8RRs5hQjikP8CQfaeAV59VFSCzKNp90mXiVXW2QzV56rwMrg==",
      "dev": true,
      "requires": {
        "undici-types": "~6.21.0"
      }
    },
    "@types/responselike": {
      "version": "1.0.3",
      "resolved": "https://artifactory.devops.xiaohongshu.com/artifactory/api/npm/npm-public/@types/responselike/-/responselike-1.0.3.tgz",
      "integrity": "sha512-H/+L+UkTV33uf49PH5pCAUBVPNj2nDBXTN+qS1dOwyyg24l3CcicicCA7ca+HMvJBZcFgl5r8e+RR6elsb4Lyw==",
      "dev": true,
      "requires": {
        "@types/node": "*"
      }
    },
    "@types/yauzl": {
      "version": "2.10.3",
      "resolved": "https://artifactory.devops.xiaohongshu.com/artifactory/api/npm/npm-public/@types/yauzl/-/yauzl-2.10.3.tgz",
      "integrity": "sha512-oJoftv0LSuaDZE3Le4DbKX+KS9G36NzOeSap90UIK0yMA/NhKJhqlSGtNDORNRaIbQfzjXDrQa0ytJ6mNRGz/Q==",
      "dev": true,
      "optional": true,
      "requires": {
        "@types/node": "*"
      }
    },
    "boolean": {
      "version": "3.2.0",
      "resolved": "https://artifactory.devops.xiaohongshu.com/artifactory/api/npm/npm-public/boolean/download/boolean-3.2.0.tgz",
      "integrity": "sha1-nlKUr06YMUSUy7F5efpUyhWfEWs=",
      "dev": true,
      "optional": true
    },
    "buffer-crc32": {
      "version": "0.2.13",
      "resolved": "https://artifactory.devops.xiaohongshu.com/artifactory/api/npm/npm-public/buffer-crc32/download/buffer-crc32-0.2.13.tgz",
      "integrity": "sha1-DTM+PwDqxQqhRUq9MO+MKl2ackI=",
      "dev": true
    },
    "cacheable-lookup": {
      "version": "5.0.4",
      "resolved": "https://artifactory.devops.xiaohongshu.com/artifactory/api/npm/npm-public/cacheable-lookup/download/cacheable-lookup-5.0.4.tgz",
      "integrity": "sha1-WmuGWyxENXvj1evCpGewMnGacAU=",
      "dev": true
    },
    "cacheable-request": {
      "version": "7.0.4",
      "resolved": "https://artifactory.devops.xiaohongshu.com/artifactory/api/npm/npm-public/cacheable-request/download/cacheable-request-7.0.4.tgz",
      "integrity": "sha1-ejPr8IYTF4tANjW+e4mdPmm76Bc=",
      "dev": true,
      "requires": {
        "clone-response": "^1.0.2",
        "get-stream": "^5.1.0",
        "http-cache-semantics": "^4.0.0",
        "keyv": "^4.0.0",
        "lowercase-keys": "^2.0.0",
        "normalize-url": "^6.0.1",
        "responselike": "^2.0.0"
      }
    },
    "clone-response": {
      "version": "1.0.3",
      "resolved": "https://artifactory.devops.xiaohongshu.com/artifactory/api/npm/npm-public/clone-response/download/clone-response-1.0.3.tgz",
      "integrity": "sha1-ryAyqkeBY5nPXwodDbkC9ReruMM=",
      "dev": true,
      "requires": {
        "mimic-response": "^1.0.0"
      }
    },
    "debug": {
      "version": "4.4.3",
      "resolved": "https://artifactory.devops.xiaohongshu.com/artifactory/api/npm/npm-public/debug/-/debug-4.4.3.tgz",
      "integrity": "sha512-RGwwWnwQvkVfavKVt22FGLw+xYSdzARwm0ru6DhTVA3umU5hZc28V3kO4stgYryrTlLpuvgI9GiijltAjNbcqA==",
      "dev": true,
      "requires": {
        "ms": "^2.1.3"
      }
    },
    "decompress-response": {
      "version": "6.0.0",
      "resolved": "https://artifactory.devops.xiaohongshu.com/artifactory/api/npm/npm-public/decompress-response/download/decompress-response-6.0.0.tgz",
      "integrity": "sha1-yjh2Et234QS9FthaqwDV7PCcZvw=",
      "dev": true,
      "requires": {
        "mimic-response": "^3.1.0"
      },
      "dependencies": {
        "mimic-response": {
          "version": "3.1.0",
          "resolved": "https://artifactory.devops.xiaohongshu.com/artifactory/api/npm/npm-public/mimic-response/download/mimic-response-3.1.0.tgz",
          "integrity": "sha1-LR1Zr5wbEpgVrMwsRqAipc4fo8k=",
          "dev": true
        }
      }
    },
    "defer-to-connect": {
      "version": "2.0.1",
      "resolved": "https://artifactory.devops.xiaohongshu.com/artifactory/api/npm/npm-public/defer-to-connect/download/defer-to-connect-2.0.1.tgz",
      "integrity": "sha1-gBa9tBQ+RjK3ejRJxiNid95SBYc=",
      "dev": true
    },
    "define-data-property": {
      "version": "1.1.4",
      "resolved": "https://artifactory.devops.xiaohongshu.com/artifactory/api/npm/npm-public/define-data-property/download/define-data-property-1.1.4.tgz",
      "integrity": "sha1-iU3BQbt9MGCuQ2b2oBB+aPvkjF4=",
      "dev": true,
      "optional": true,
      "requires": {
        "es-define-property": "^1.0.0",
        "es-errors": "^1.3.0",
        "gopd": "^1.0.1"
      }
    },
    "define-properties": {
      "version": "1.2.1",
      "resolved": "https://artifactory.devops.xiaohongshu.com/artifactory/api/npm/npm-public/define-properties/download/define-properties-1.2.1.tgz",
      "integrity": "sha1-EHgcxhbrlRqAoDS6/Kpzd/avK2w=",
      "dev": true,
      "optional": true,
      "requires": {
        "define-data-property": "^1.0.1",
        "has-property-descriptors": "^1.0.0",
        "object-keys": "^1.1.1"
      }
    },
    "detect-node": {
      "version": "2.1.0",
      "resolved": "https://artifactory.devops.xiaohongshu.com/artifactory/api/npm/npm-public/detect-node/download/detect-node-2.1.0.tgz",
      "integrity": "sha1-yccHdaScPQO8LAbZpzvlUPl4+LE=",
      "dev": true,
      "optional": true
    },
    "electron": {
      "version": "38.2.2",
      "resolved": "https://artifactory.devops.xiaohongshu.com/artifactory/api/npm/npm-public/electron/-/electron-38.2.2.tgz",
      "integrity": "sha512-OXSaVNXDlonXDjMRsFNQo1j5tzTKwKXh5/m46IjAFccBcZJZMISI+EjSI07oexIuhvKM8AZLuFuihVn4YjWWrA==",
      "dev": true,
      "requires": {
        "@electron/get": "^2.0.0",
        "@types/node": "^22.7.7",
        "extract-zip": "^2.0.1"
      }
    },
    "end-of-stream": {
      "version": "1.4.5",
      "resolved": "https://artifactory.devops.xiaohongshu.com/artifactory/api/npm/npm-public/end-of-stream/-/end-of-stream-1.4.5.tgz",
      "integrity": "sha512-ooEGc6HP26xXq/N+GCGOT0JKCLDGrq2bQUZrQ7gyrJiZANJ/8YDTxTpQBXGMn+WbIQXNVpyWymm7KYVICQnyOg==",
      "dev": true,
      "requires": {
        "once": "^1.4.0"
      }
    },
    "env-paths": {
      "version": "2.2.1",
      "resolved": "https://artifactory.devops.xiaohongshu.com/artifactory/api/npm/npm-public/env-paths/download/env-paths-2.2.1.tgz",
      "integrity": "sha1-QgOZ1BbOH76bwKB8Yvpo1n/Q+PI=",
      "dev": true
    },
    "es-define-property": {
      "version": "1.0.1",
      "resolved": "https://artifactory.devops.xiaohongshu.com/artifactory/api/npm/npm-public/es-define-property/download/es-define-property-1.0.1.tgz",
      "integrity": "sha1-mD6y+aZyTpMD9hrd8BHHLgngsPo=",
      "dev": true,
      "optional": true
    },
    "es-errors": {
      "version": "1.3.0",
      "resolved": "https://artifactory.devops.xiaohongshu.com/artifactory/api/npm/npm-public/es-errors/download/es-errors-1.3.0.tgz",
      "integrity": "sha1-BfdaJdq5jk+x3NXhRywFRtUFfI8=",
      "dev": true,
      "optional": true
    },
    "es6-error": {
      "version": "4.1.1",
      "resolved": "https://artifactory.devops.xiaohongshu.com/artifactory/api/npm/npm-public/es6-error/download/es6-error-4.1.1.tgz",
      "integrity": "sha1-njr0B0Wd7tR+mpH5uIWoTrBcVh0=",
      "dev": true,
      "optional": true
    },
    "escape-string-regexp": {
      "version": "4.0.0",
      "resolved": "https://artifactory.devops.xiaohongshu.com/artifactory/api/npm/npm-public/escape-string-regexp/download/escape-string-regexp-4.0.0.tgz",
      "integrity": "sha1-FLqDpdNz49MR5a/KKc9b+tllvzQ=",
      "dev": true,
      "optional": true
    },
    "extract-zip": {
      "version": "2.0.1",
      "resolved": "https://artifactory.devops.xiaohongshu.com/artifactory/api/npm/npm-public/extract-zip/download/extract-zip-2.0.1.tgz",
      "integrity": "sha1-Zj3KVv5G34kNXxMe9KBtIruLoTo=",
      "dev": true,
      "requires": {
        "@types/yauzl": "^2.9.1",
        "debug": "^4.1.1",
        "get-stream": "^5.1.0",
        "yauzl": "^2.10.0"
      }
    },
    "fd-slicer": {
      "version": "1.1.0",
      "resolved": "https://artifactory.devops.xiaohongshu.com/artifactory/api/npm/npm-public/fd-slicer/download/fd-slicer-1.1.0.tgz",
      "integrity": "sha1-JcfInLH5B3+IkbvmHY85Dq4lbx4=",
      "dev": true,
      "requires": {
        "pend": "~1.2.0"
      }
    },
    "fs-extra": {
      "version": "8.1.0",
      "resolved": "https://artifactory.devops.xiaohongshu.com/artifactory/api/npm/npm-public/fs-extra/download/fs-extra-8.1.0.tgz",
      "integrity": "sha1-SdQ8RaiM2Wd2aMt74bRu/bjS4cA=",
      "dev": true,
      "requires": {
        "graceful-fs": "^4.2.0",
        "jsonfile": "^4.0.0",
        "universalify": "^0.1.0"
      }
    },
    "get-stream": {
      "version": "5.2.0",
      "resolved": "https://artifactory.devops.xiaohongshu.com/artifactory/api/npm/npm-public/get-stream/download/get-stream-5.2.0.tgz",
      "integrity": "sha1-SWaheV7lrOZecGxLe+txJX1uItM=",
      "dev": true,
      "requires": {
        "pump": "^3.0.0"
      }
    },
    "global-agent": {
      "version": "3.0.0",
      "resolved": "https://artifactory.devops.xiaohongshu.com/artifactory/api/npm/npm-public/global-agent/download/global-agent-3.0.0.tgz",
      "integrity": "sha1-rnzTG9NYO5PFoWQ3oa/ifMM6GrY=",
      "dev": true,
      "optional": true,
      "requires": {
        "boolean": "^3.0.1",
        "es6-error": "^4.1.1",
        "matcher": "^3.0.0",
        "roarr": "^2.15.3",
        "semver": "^7.3.2",
        "serialize-error": "^7.0.1"
      },
      "dependencies": {
        "semver": {
          "version": "7.7.3",
          "resolved": "https://artifactory.devops.xiaohongshu.com/artifactory/api/npm/npm-public/semver/-/semver-7.7.3.tgz",
          "integrity": "sha512-SdsKMrI9TdgjdweUSR9MweHA4EJ8YxHn8DFaDisvhVlUOe4BF1tLD7GAj0lIqWVl+dPb/rExr0Btby5loQm20Q==",
          "dev": true,
          "optional": true
        }
      }
    },
    "globalthis": {
      "version": "1.0.4",
      "resolved": "https://artifactory.devops.xiaohongshu.com/artifactory/api/npm/npm-public/globalthis/-/globalthis-1.0.4.tgz",
      "integrity": "sha512-DpLKbNU4WylpxJykQujfCcwYWiV/Jhm50Goo0wrVILAv5jOr9d+H+UR3PhSCD2rCCEIg0uc+G+muBTwD54JhDQ==",
      "dev": true,
      "optional": true,
      "requires": {
        "define-properties": "^1.2.1",
        "gopd": "^1.0.1"
      }
    },
    "gopd": {
      "version": "1.2.0",
      "resolved": "https://artifactory.devops.xiaohongshu.com/artifactory/api/npm/npm-public/gopd/download/gopd-1.2.0.tgz",
      "integrity": "sha1-ifVrghe9vIgCvSmd9tfxCB1+UaE=",
      "dev": true,
      "optional": true
    },
    "got": {
      "version": "11.8.6",
      "resolved": "https://artifactory.devops.xiaohongshu.com/artifactory/api/npm/npm-public/got/download/got-11.8.6.tgz",
      "integrity": "sha1-J26Cfq2Hcu3bz8lxcFkLhBgjIzo=",
      "dev": true,
      "requires": {
        "@sindresorhus/is": "^4.0.0",
        "@szmarczak/http-timer": "^4.0.5",
        "@types/cacheable-request": "^6.0.1",
        "@types/responselike": "^1.0.0",
        "cacheable-lookup": "^5.0.3",
        "cacheable-request": "^7.0.2",
        "decompress-response": "^6.0.0",
        "http2-wrapper": "^1.0.0-beta.5.2",
        "lowercase-keys": "^2.0.0",
        "p-cancelable": "^2.0.0",
        "responselike": "^2.0.0"
      }
    },
    "graceful-fs": {
      "version": "4.2.11",
      "resolved": "https://artifactory.devops.xiaohongshu.com/artifactory/api/npm/npm-public/graceful-fs/download/graceful-fs-4.2.11.tgz",
      "integrity": "sha1-QYPk6L8Iu24Fu7L30uDI9xLKQOM=",
      "dev": true
    },
    "has-property-descriptors": {
      "version": "1.0.2",
      "resolved": "https://artifactory.devops.xiaohongshu.com/artifactory/api/npm/npm-public/has-property-descriptors/download/has-property-descriptors-1.0.2.tgz",
      "integrity": "sha1-lj7X0HHce/XwhMW/vg0bYiJYaFQ=",
      "dev": true,
      "optional": true,
      "requires": {
        "es-define-property": "^1.0.0"
      }
    },
    "http-cache-semantics": {
      "version": "4.2.0",
      "resolved": "https://artifactory.devops.xiaohongshu.com/artifactory/api/npm/npm-public/http-cache-semantics/-/http-cache-semantics-4.2.0.tgz",
      "integrity": "sha512-dTxcvPXqPvXBQpq5dUr6mEMJX4oIEFv6bwom3FDwKRDsuIjjJGANqhBuoAn9c1RQJIdAKav33ED65E2ys+87QQ==",
      "dev": true
    },
    "http2-wrapper": {
      "version": "1.0.3",
      "resolved": "https://artifactory.devops.xiaohongshu.com/artifactory/api/npm/npm-public/http2-wrapper/download/http2-wrapper-1.0.3.tgz",
      "integrity": "sha1-uPVeDB8l1OvQizsMLAeflZCACz0=",
      "dev": true,
      "requires": {
        "quick-lru": "^5.1.1",
        "resolve-alpn": "^1.0.0"
      }
    },
    "json-buffer": {
      "version": "3.0.1",
      "resolved": "https://artifactory.devops.xiaohongshu.com/artifactory/api/npm/npm-public/json-buffer/download/json-buffer-3.0.1.tgz",
      "integrity": "sha1-kziAKjDTtmBfvgYT4JQAjKjAWhM=",
      "dev": true
    },
    "json-stringify-safe": {
      "version": "5.0.1",
      "resolved": "https://artifactory.devops.xiaohongshu.com/artifactory/api/npm/npm-public/json-stringify-safe/download/json-stringify-safe-5.0.1.tgz",
      "integrity": "sha1-Epai1Y/UXxmg9s4B1lcB4sc1tus=",
      "dev": true,
      "optional": true
    },
    "jsonfile": {
      "version": "4.0.0",
      "resolved": "https://artifactory.devops.xiaohongshu.com/artifactory/api/npm/npm-public/jsonfile/download/jsonfile-4.0.0.tgz",
      "integrity": "sha1-h3Gq4HmbZAdrdmQPygWPnBDjPss=",
      "dev": true,
      "requires": {
        "graceful-fs": "^4.1.6"
      }
    },
    "keyv": {
      "version": "4.5.4",
      "resolved": "https://artifactory.devops.xiaohongshu.com/artifactory/api/npm/npm-public/keyv/-/keyv-4.5.4.tgz",
      "integrity": "sha512-oxVHkHR/EJf2CNXnWxRLW6mg7JyCCUcG0DtEGmL2ctUo1PNTin1PUil+r/+4r5MpVgC/fn1kjsx7mjSujKqIpw==",
      "dev": true,
      "requires": {
        "json-buffer": "3.0.1"
      }
    },
    "lowercase-keys": {
      "version": "2.0.0",
      "resolved": "https://artifactory.devops.xiaohongshu.com/artifactory/api/npm/npm-public/lowercase-keys/download/lowercase-keys-2.0.0.tgz",
      "integrity": "sha1-JgPni3tLAAbLyi+8yKMgJVislHk=",
      "dev": true
    },
    "matcher": {
      "version": "3.0.0",
      "resolved": "https://artifactory.devops.xiaohongshu.com/artifactory/api/npm/npm-public/matcher/download/matcher-3.0.0.tgz",
      "integrity": "sha1-vZBg9MW3CqgEHMxvgDaHYJlPMMo=",
      "dev": true,
      "optional": true,
      "requires": {
        "escape-string-regexp": "^4.0.0"
      }
    },
    "mimic-response": {
      "version": "1.0.1",
      "resolved": "https://artifactory.devops.xiaohongshu.com/artifactory/api/npm/npm-public/mimic-response/download/mimic-response-1.0.1.tgz",
      "integrity": "sha1-SSNTiHju9CBjy4o+OweYeBSHqxs=",
      "dev": true
    },
    "ms": {
      "version": "2.1.3",
      "resolved": "https://artifactory.devops.xiaohongshu.com/artifactory/api/npm/npm-public/ms/download/ms-2.1.3.tgz",
      "integrity": "sha1-V0yBOM4dK1hh8LRFedut1gxmFbI=",
      "dev": true
    },
    "normalize-url": {
      "version": "6.1.0",
      "resolved": "https://artifactory.devops.xiaohongshu.com/artifactory/api/npm/npm-public/normalize-url/download/normalize-url-6.1.0.tgz",
      "integrity": "sha1-QNCIW1Nd7/4/MUe+yHfQX+TFZoo=",
      "dev": true
    },
    "object-keys": {
      "version": "1.1.1",
      "resolved": "https://artifactory.devops.xiaohongshu.com/artifactory/api/npm/npm-public/object-keys/download/object-keys-1.1.1.tgz",
      "integrity": "sha1-HEfyct8nfzsdrwYWd9nILiMixg4=",
      "dev": true,
      "optional": true
    },
    "once": {
      "version": "1.4.0",
      "resolved": "https://artifactory.devops.xiaohongshu.com/artifactory/api/npm/npm-public/once/download/once-1.4.0.tgz",
      "integrity": "sha1-WDsap3WWHUsROsF9nFC6753Xa9E=",
      "dev": true,
      "requires": {
        "wrappy": "1"
      }
    },
    "p-cancelable": {
      "version": "2.1.1",
      "resolved": "https://artifactory.devops.xiaohongshu.com/artifactory/api/npm/npm-public/p-cancelable/download/p-cancelable-2.1.1.tgz",
      "integrity": "sha1-qrf71BZYL6MqPbSYWcEiSHxe0s8=",
      "dev": true
    },
    "pend": {
      "version": "1.2.0",
      "resolved": "https://artifactory.devops.xiaohongshu.com/artifactory/api/npm/npm-public/pend/download/pend-1.2.0.tgz",
      "integrity": "sha1-elfrVQpng/kRUzH89GY9XI4AelA=",
      "dev": true
    },
    "progress": {
      "version": "2.0.3",
      "resolved": "https://artifactory.devops.xiaohongshu.com/artifactory/api/npm/npm-public/progress/download/progress-2.0.3.tgz",
      "integrity": "sha1-foz42PW48jnBvGi+tOt4Vn1XLvg=",
      "dev": true
    },
    "pump": {
      "version": "3.0.3",
      "resolved": "https://artifactory.devops.xiaohongshu.com/artifactory/api/npm/npm-public/pump/-/pump-3.0.3.tgz",
      "integrity": "sha512-todwxLMY7/heScKmntwQG8CXVkWUOdYxIvY2s0VWAAMh/nd8SoYiRaKjlr7+iCs984f2P8zvrfWcDDYVb73NfA==",
      "dev": true,
      "requires": {
        "end-of-stream": "^1.1.0",
        "once": "^1.3.1"
      }
    },
    "quick-lru": {
      "version": "5.1.1",
      "resolved": "https://artifactory.devops.xiaohongshu.com/artifactory/api/npm/npm-public/quick-lru/download/quick-lru-5.1.1.tgz",
      "integrity": "sha1-NmST5rPkKjpoheLpnRj4D7eoyTI=",
      "dev": true
    },
    "resolve-alpn": {
      "version": "1.2.1",
      "resolved": "https://artifactory.devops.xiaohongshu.com/artifactory/api/npm/npm-public/resolve-alpn/download/resolve-alpn-1.2.1.tgz",
      "integrity": "sha1-t629rDVGqq7CC0Xn2CZZJwcnJvk=",
      "dev": true
    },
    "responselike": {
      "version": "2.0.1",
      "resolved": "https://artifactory.devops.xiaohongshu.com/artifactory/api/npm/npm-public/responselike/download/responselike-2.0.1.tgz",
      "integrity": "sha1-mgvI/cJS8/scymiwFlkQWboUIrw=",
      "dev": true,
      "requires": {
        "lowercase-keys": "^2.0.0"
      }
    },
    "roarr": {
      "version": "2.15.4",
      "resolved": "https://artifactory.devops.xiaohongshu.com/artifactory/api/npm/npm-public/roarr/download/roarr-2.15.4.tgz",
      "integrity": "sha1-9f55W3uDjM/jXcYI4Cgrnrouev0=",
      "dev": true,
      "optional": true,
      "requires": {
        "boolean": "^3.0.1",
        "detect-node": "^2.0.4",
        "globalthis": "^1.0.1",
        "json-stringify-safe": "^5.0.1",
        "semver-compare": "^1.0.0",
        "sprintf-js": "^1.1.2"
      }
    },
    "semver": {
      "version": "6.3.1",
      "resolved": "https://artifactory.devops.xiaohongshu.com/artifactory/api/npm/npm-public/semver/download/semver-6.3.1.tgz",
      "integrity": "sha1-VW0u+GiRRuRtzqS/3QlfNDTf/LQ=",
      "dev": true
    },
    "semver-compare": {
      "version": "1.0.0",
      "resolved": "https://artifactory.devops.xiaohongshu.com/artifactory/api/npm/npm-public/semver-compare/download/semver-compare-1.0.0.tgz",
      "integrity": "sha1-De4hahyUGrN+nvsXiPavxf9VN/w=",
      "dev": true,
      "optional": true
    },
    "serialize-error": {
      "version": "7.0.1",
      "resolved": "https://artifactory.devops.xiaohongshu.com/artifactory/api/npm/npm-public/serialize-error/download/serialize-error-7.0.1.tgz",
      "integrity": "sha1-8TYLBEf2H/tIPsQVfHN/q313jhg=",
      "dev": true,
      "optional": true,
      "requires": {
        "type-fest": "^0.13.1"
      }
    },
    "sprintf-js": {
      "version": "1.1.3",
      "resolved": "https://artifactory.devops.xiaohongshu.com/artifactory/api/npm/npm-public/sprintf-js/download/sprintf-js-1.1.3.tgz",
      "integrity": "sha1-SRS5A6L4toXRf994pw6RfocuREo=",
      "dev": true,
      "optional": true
    },
    "sumchecker": {
      "version": "3.0.1",
      "resolved": "https://artifactory.devops.xiaohongshu.com/artifactory/api/npm/npm-public/sumchecker/download/sumchecker-3.0.1.tgz",
      "integrity": "sha1-Y3fplnlauwttNI6bPh37JDRajkI=",
      "dev": true,
      "requires": {
        "debug": "^4.1.0"
      }
    },
    "type-fest": {
      "version": "0.13.1",
      "resolved": "https://artifactory.devops.xiaohongshu.com/artifactory/api/npm/npm-public/type-fest/download/type-fest-0.13.1.tgz",
      "integrity": "sha1-AXLLW86AsL1ULqNI21DH4hg02TQ=",
      "dev": true,
      "optional": true
    },
    "undici-types": {
      "version": "6.21.0",
      "resolved": "https://artifactory.devops.xiaohongshu.com/artifactory/api/npm/npm-public/undici-types/download/undici-types-6.21.0.tgz",
      "integrity": "sha1-aR0ArzkJvpOn+qE75hs6W1DvEss=",
      "dev": true
    },
    "universalify": {
      "version": "0.1.2",
      "resolved": "https://artifactory.devops.xiaohongshu.com/artifactory/api/npm/npm-public/universalify/download/universalify-0.1.2.tgz",
      "integrity": "sha1-tkb2m+OULavOzJ1mOcgNwQXvqmY=",
      "dev": true
    },
    "wrappy": {
      "version": "1.0.2",
      "resolved": "https://artifactory.devops.xiaohongshu.com/artifactory/api/npm/npm-public/wrappy/download/wrappy-1.0.2.tgz",
      "integrity": "sha1-tSQ9jz7BqjXxNkYFvA0QNuMKtp8=",
      "dev": true
    },
    "yauzl": {
      "version": "2.10.0",
      "resolved": "https://artifactory.devops.xiaohongshu.com/artifactory/api/npm/npm-public/yauzl/download/yauzl-2.10.0.tgz",
      "integrity": "sha1-x+sXyT4RLLEIb6bY5R+wZnt5pfk=",
      "dev": true,
      "requires": {
        "buffer-crc32": "~0.2.3",
        "fd-slicer": "~1.1.0"
      }
    }
  }
}
